
Microsoft Visual Studio Solution File, Format Version 12.00
# Visual Studio Version 17
VisualStudioVersion = 17.1.32328.378
MinimumVisualStudioVersion = 10.0.40219.1
Project("{9A19103F-16F7-4668-BE54-9A1E7A4F7556}") = "CleanArchMvc.Domain", "CleanArchMvc.Domain\CleanArchMvc.Domain.csproj", "{F5B212CB-1FEF-42BF-B461-D4EB2E9D1CC3}"
EndProject
Project("{9A19103F-16F7-4668-BE54-9A1E7A4F7556}") = "CleanArchMvc.Application", "CleanArchMvc.Application\CleanArchMvc.Application.csproj", "{28FE781D-F9D3-4F76-9CE7-BA2C958557CF}"
EndProject
Project("{9A19103F-16F7-4668-BE54-9A1E7A4F7556}") = "CleanArchMvc.Infra.Data", "CleanArchMvc.Infra.Data\CleanArchMvc.Infra.Data.csproj", "{3AC7E69E-FCE3-4B6C-92B0-AAB27A9D0E95}"
EndProject
Project("{9A19103F-16F7-4668-BE54-9A1E7A4F7556}") = "CleanArchMvc.Infra.IoC", "CleanArchMvc.Infra.IoC\CleanArchMvc.Infra.IoC.csproj", "{EAD5D458-BE56-4403-A500-87ACB828319C}"
EndProject
Project("{9A19103F-16F7-4668-BE54-9A1E7A4F7556}") = "CleanArchMvc.WebUI", "CleanArchMvc.WebUI\CleanArchMvc.WebUI.csproj", "{4FA6D3D5-53E2-49A1-BD76-301DEA8CD50B}"
EndProject
Project("{9A19103F-16F7-4668-BE54-9A1E7A4F7556}") = "CleanArchMvc.Domain.Tests", "CleanArchMvc.Domain.Tests\CleanArchMvc.Domain.Tests.csproj", "{EAA2FE94-6852-43E8-89C8-DA572EDE9310}"
EndProject
Project("{FAE04EC0-301F-11D3-BF4B-00C04F79EFBC}") = "CleanArchMvc.API", "CleanArchMvc.API\CleanArchMvc.API.csproj", "{FB2040D6-A252-4BFA-9670-9DE1E8989FA2}"
EndProject
Global
	GlobalSection(SolutionConfigurationPlatforms) = preSolution
		Debug|Any CPU = Debug|Any CPU
		Release|Any CPU = Release|Any CPU
	EndGlobalSection
	GlobalSection(ProjectConfigurationPlatforms) = postSolution
		{F5B212CB-1FEF-42BF-B461-D4EB2E9D1CC3}.Debug|Any CPU.ActiveCfg = Debug|Any CPU
		{F5B212CB-1FEF-42BF-B461-D4EB2E9D1CC3}.Debug|Any CPU.Build.0 = Debug|Any CPU
		{F5B212CB-1FEF-42BF-B461-D4EB2E9D1CC3}.Release|Any CPU.ActiveCfg = Release|Any CPU
		{F5B212CB-1FEF-42BF-B461-D4EB2E9D1CC3}.Release|Any CPU.Build.0 = Release|Any CPU
		{28FE781D-F9D3-4F76-9CE7-BA2C958557CF}.Debug|Any CPU.ActiveCfg = Debug|Any CPU
		{28FE781D-F9D3-4F76-9CE7-BA2C958557CF}.Debug|Any CPU.Build.0 = Debug|Any CPU
		{28FE781D-F9D3-4F76-9CE7-BA2C958557CF}.Release|Any CPU.ActiveCfg = Release|Any CPU
		{28FE781D-F9D3-4F76-9CE7-BA2C958557CF}.Release|Any CPU.Build.0 = Release|Any CPU
		{3AC7E69E-FCE3-4B6C-92B0-AAB27A9D0E95}.Debug|Any CPU.ActiveCfg = Debug|Any CPU
		{3AC7E69E-FCE3-4B6C-92B0-AAB27A9D0E95}.Debug|Any CPU.Build.0 = Debug|Any CPU
		{3AC7E69E-FCE3-4B6C-92B0-AAB27A9D0E95}.Release|Any CPU.ActiveCfg = Release|Any CPU
		{3AC7E69E-FCE3-4B6C-92B0-AAB27A9D0E95}.Release|Any CPU.Build.0 = Release|Any CPU
		{EAD5D458-BE56-4403-A500-87ACB828319C}.Debug|Any CPU.ActiveCfg = Debug|Any CPU
		{EAD5D458-BE56-4403-A500-87ACB828319C}.Debug|Any CPU.Build.0 = Debug|Any CPU
		{EAD5D458-BE56-4403-A500-87ACB828319C}.Release|Any CPU.ActiveCfg = Release|Any CPU
		{EAD5D458-BE56-4403-A500-87ACB828319C}.Release|Any CPU.Build.0 = Release|Any CPU
		{4FA6D3D5-53E2-49A1-BD76-301DEA8CD50B}.Debug|Any CPU.ActiveCfg = Debug|Any CPU
		{4FA6D3D5-53E2-49A1-BD76-301DEA8CD50B}.Debug|Any CPU.Build.0 = Debug|Any CPU
		{4FA6D3D5-53E2-49A1-BD76-301DEA8CD50B}.Release|Any CPU.ActiveCfg = Release|Any CPU
		{4FA6D3D5-53E2-49A1-BD76-301DEA8CD50B}.Release|Any CPU.Build.0 = Release|Any CPU
		{EAA2FE94-6852-43E8-89C8-DA572EDE9310}.Debug|Any CPU.ActiveCfg = Debug|Any CPU
		{EAA2FE94-6852-43E8-89C8-DA572EDE9310}.Debug|Any CPU.Build.0 = Debug|Any CPU
		{EAA2FE94-6852-43E8-89C8-DA572EDE9310}.Release|Any CPU.ActiveCfg = Release|Any CPU
		{EAA2FE94-6852-43E8-89C8-DA572EDE9310}.Release|Any CPU.Build.0 = Release|Any CPU
		{FB2040D6-A252-4BFA-9670-9DE1E8989FA2}.Debug|Any CPU.ActiveCfg = Debug|Any CPU
		{FB2040D6-A252-4BFA-9670-9DE1E8989FA2}.Debug|Any CPU.Build.0 = Debug|Any CPU
		{FB2040D6-A252-4BFA-9670-9DE1E8989FA2}.Release|Any CPU.ActiveCfg = Release|Any CPU
		{FB2040D6-A252-4BFA-9670-9DE1E8989FA2}.Release|Any CPU.Build.0 = Release|Any CPU
	EndGlobalSection
	GlobalSection(SolutionProperties) = preSolution
		HideSolutionNode = FALSE
	EndGlobalSection
	GlobalSection(ExtensibilityGlobals) = postSolution
		SolutionGuid = {DCC5C4B4-0304-4A73-9939-68F67FD4FF72}
	EndGlobalSection
EndGlobal
